
Microsoft Visual Studio Solution File, Format Version 12.00
# Visual Studio Version 16
VisualStudioVersion = 16.0.31702.278
MinimumVisualStudioVersion = 10.0.40219.1
Project("{FAE04EC0-301F-11D3-BF4B-00C04F79EFBC}") = "StatsAsTokens - BFAV Compatibility Patch", "StatsAsTokens - BFAV Compatibility Patch.csproj", "{FB27F27E-23AE-48CD-9A91-7CE1E44E52D5}"
EndProject
Global
	GlobalSection(SolutionConfigurationPlatforms) = preSolution
		Debug|Any CPU = Debug|Any CPU
		Release|Any CPU = Release|Any CPU
	EndGlobalSection
	GlobalSection(ProjectConfigurationPlatforms) = postSolution
		{FB27F27E-23AE-48CD-9A91-7CE1E44E52D5}.Debug|Any CPU.ActiveCfg = Debug|Any CPU
		{FB27F27E-23AE-48CD-9A91-7CE1E44E52D5}.Debug|Any CPU.Build.0 = Debug|Any CPU
		{FB27F27E-23AE-48CD-9A91-7CE1E44E52D5}.Release|Any CPU.ActiveCfg = Release|Any CPU
		{FB27F27E-23AE-48CD-9A91-7CE1E44E52D5}.Release|Any CPU.Build.0 = Release|Any CPU
	EndGlobalSection
	GlobalSection(SolutionProperties) = preSolution
		HideSolutionNode = FALSE
	EndGlobalSection
	GlobalSection(ExtensibilityGlobals) = postSolution
		SolutionGuid = {5DF68054-36DB-4FFF-B508-3069FEBF2F52}
	EndGlobalSection
EndGlobal
